
Microsoft Visual Studio Solution File, Format Version 12.00
# Visual Studio Version 16
VisualStudioVersion = 16.0.32106.194
MinimumVisualStudioVersion = 10.0.40219.1
Project("{2150E333-8FDC-42A3-9474-1A3956D46DE8}") = "src", "src", "{93A04403-7217-45D0-A66D-6B1DEE8EA3E3}"
EndProject
Project("{2150E333-8FDC-42A3-9474-1A3956D46DE8}") = "BuildingBlocks", "BuildingBlocks", "{586B2E5D-5B8A-42A2-AC1A-DBBFDE1A5CA9}"
EndProject
Project("{2150E333-8FDC-42A3-9474-1A3956D46DE8}") = "Services", "Services", "{92DD7653-BB50-4681-BF87-CC73139234FC}"
EndProject
Project("{2150E333-8FDC-42A3-9474-1A3956D46DE8}") = "Web", "Web", "{8A2F21FA-BF78-424B-85F2-99432B4194FB}"
EndProject
Project("{2150E333-8FDC-42A3-9474-1A3956D46DE8}") = "Identidade", "Identidade", "{B7EBCB63-4273-4995-86CA-A996C94ABC69}"
EndProject
Project("{FAE04EC0-301F-11D3-BF4B-00C04F79EFBC}") = "NerdStore.Identidade.API", "src\Services\NerdStore.Identidade.API\NerdStore.Identidade.API.csproj", "{99F88F75-F61A-4992-8D0A-2235B63F2F29}"
EndProject
Project("{2150E333-8FDC-42A3-9474-1A3956D46DE8}") = "MVC", "MVC", "{8C4A2CD0-CFD2-4F9B-AC39-54A81B66D010}"
EndProject
Project("{FAE04EC0-301F-11D3-BF4B-00C04F79EFBC}") = "NerdStore.WebApp.MVC", "src\Web\NerdStore.WebApp.MVC\NerdStore.WebApp.MVC.csproj", "{8DA556C8-E189-4E62-8E66-34BF8E19F899}"
EndProject
Project("{2150E333-8FDC-42A3-9474-1A3956D46DE8}") = "Core", "Core", "{DBFEBF54-F843-453C-B048-CC4747E305E3}"
EndProject
Project("{FAE04EC0-301F-11D3-BF4B-00C04F79EFBC}") = "NerdStore.Core", "src\BuildingBlocks\NerdStore.Core\NerdStore.Core.csproj", "{95C722B0-2514-4683-98CF-D434D5C34455}"
EndProject
Project("{2150E333-8FDC-42A3-9474-1A3956D46DE8}") = "Carrinho", "Carrinho", "{686EABA3-E8BC-4119-97B0-73240FBEEE88}"
EndProject
Project("{FAE04EC0-301F-11D3-BF4B-00C04F79EFBC}") = "NerdStore.Carrinho.API", "src\Services\NerdStore.Carrinho.API\NerdStore.Carrinho.API.csproj", "{8C25E35F-6F36-473B-A68B-1F5A6E434DA2}"
EndProject
Project("{2150E333-8FDC-42A3-9474-1A3956D46DE8}") = "Catalogo", "Catalogo", "{361F6955-E2F5-43C1-B78A-40747396A1BB}"
EndProject
Project("{FAE04EC0-301F-11D3-BF4B-00C04F79EFBC}") = "NerdStore.Catalogo.API", "src\Services\NerdStore.Catalogo.API\NerdStore.Catalogo.API.csproj", "{A53C6FB7-9EED-4609-BDC7-77188E36C4EF}"
EndProject
Project("{2150E333-8FDC-42A3-9474-1A3956D46DE8}") = "Cliente", "Cliente", "{5EE36782-659C-493F-8FAE-FE55976D4209}"
EndProject
Project("{FAE04EC0-301F-11D3-BF4B-00C04F79EFBC}") = "NerdStore.Cliente.API", "src\Services\NerdStore.Cliente.API\NerdStore.Cliente.API.csproj", "{EEAB8A2F-46A6-4776-85AD-E024CE0CC720}"
EndProject
Project("{2150E333-8FDC-42A3-9474-1A3956D46DE8}") = "Pagamento", "Pagamento", "{F896DC8A-DF29-4BB2-905F-580B1CC7BF65}"
EndProject
Project("{FAE04EC0-301F-11D3-BF4B-00C04F79EFBC}") = "NerdStore.Pagamento.API", "src\Services\NerdStore.Pagamento.API\NerdStore.Pagamento.API.csproj", "{E3B6BCB0-0A28-456D-B6F9-0E45B011C8E2}"
EndProject
Project("{2150E333-8FDC-42A3-9474-1A3956D46DE8}") = "Pedido", "Pedido", "{EDEAB9F9-9C8B-4A39-BCEE-FFE4690F9A1C}"
EndProject
Project("{FAE04EC0-301F-11D3-BF4B-00C04F79EFBC}") = "Nerdstore.Pedido.API", "src\Services\Nerdstore.Pedido.API\Nerdstore.Pedido.API.csproj", "{9184D825-E10B-4424-A894-4E1057090447}"
EndProject
Global
	GlobalSection(SolutionConfigurationPlatforms) = preSolution
		Debug|Any CPU = Debug|Any CPU
		Release|Any CPU = Release|Any CPU
	EndGlobalSection
	GlobalSection(ProjectConfigurationPlatforms) = postSolution
		{99F88F75-F61A-4992-8D0A-2235B63F2F29}.Debug|Any CPU.ActiveCfg = Debug|Any CPU
		{99F88F75-F61A-4992-8D0A-2235B63F2F29}.Debug|Any CPU.Build.0 = Debug|Any CPU
		{99F88F75-F61A-4992-8D0A-2235B63F2F29}.Release|Any CPU.ActiveCfg = Release|Any CPU
		{99F88F75-F61A-4992-8D0A-2235B63F2F29}.Release|Any CPU.Build.0 = Release|Any CPU
		{8DA556C8-E189-4E62-8E66-34BF8E19F899}.Debug|Any CPU.ActiveCfg = Debug|Any CPU
		{8DA556C8-E189-4E62-8E66-34BF8E19F899}.Debug|Any CPU.Build.0 = Debug|Any CPU
		{8DA556C8-E189-4E62-8E66-34BF8E19F899}.Release|Any CPU.ActiveCfg = Release|Any CPU
		{8DA556C8-E189-4E62-8E66-34BF8E19F899}.Release|Any CPU.Build.0 = Release|Any CPU
		{95C722B0-2514-4683-98CF-D434D5C34455}.Debug|Any CPU.ActiveCfg = Debug|Any CPU
		{95C722B0-2514-4683-98CF-D434D5C34455}.Debug|Any CPU.Build.0 = Debug|Any CPU
		{95C722B0-2514-4683-98CF-D434D5C34455}.Release|Any CPU.ActiveCfg = Release|Any CPU
		{95C722B0-2514-4683-98CF-D434D5C34455}.Release|Any CPU.Build.0 = Release|Any CPU
		{8C25E35F-6F36-473B-A68B-1F5A6E434DA2}.Debug|Any CPU.ActiveCfg = Debug|Any CPU
		{8C25E35F-6F36-473B-A68B-1F5A6E434DA2}.Debug|Any CPU.Build.0 = Debug|Any CPU
		{8C25E35F-6F36-473B-A68B-1F5A6E434DA2}.Release|Any CPU.ActiveCfg = Release|Any CPU
		{8C25E35F-6F36-473B-A68B-1F5A6E434DA2}.Release|Any CPU.Build.0 = Release|Any CPU
		{A53C6FB7-9EED-4609-BDC7-77188E36C4EF}.Debug|Any CPU.ActiveCfg = Debug|Any CPU
		{A53C6FB7-9EED-4609-BDC7-77188E36C4EF}.Debug|Any CPU.Build.0 = Debug|Any CPU
		{A53C6FB7-9EED-4609-BDC7-77188E36C4EF}.Release|Any CPU.ActiveCfg = Release|Any CPU
		{A53C6FB7-9EED-4609-BDC7-77188E36C4EF}.Release|Any CPU.Build.0 = Release|Any CPU
		{EEAB8A2F-46A6-4776-85AD-E024CE0CC720}.Debug|Any CPU.ActiveCfg = Debug|Any CPU
		{EEAB8A2F-46A6-4776-85AD-E024CE0CC720}.Debug|Any CPU.Build.0 = Debug|Any CPU
		{EEAB8A2F-46A6-4776-85AD-E024CE0CC720}.Release|Any CPU.ActiveCfg = Release|Any CPU
		{EEAB8A2F-46A6-4776-85AD-E024CE0CC720}.Release|Any CPU.Build.0 = Release|Any CPU
		{E3B6BCB0-0A28-456D-B6F9-0E45B011C8E2}.Debug|Any CPU.ActiveCfg = Debug|Any CPU
		{E3B6BCB0-0A28-456D-B6F9-0E45B011C8E2}.Debug|Any CPU.Build.0 = Debug|Any CPU
		{E3B6BCB0-0A28-456D-B6F9-0E45B011C8E2}.Release|Any CPU.ActiveCfg = Release|Any CPU
		{E3B6BCB0-0A28-456D-B6F9-0E45B011C8E2}.Release|Any CPU.Build.0 = Release|Any CPU
		{9184D825-E10B-4424-A894-4E1057090447}.Debug|Any CPU.ActiveCfg = Debug|Any CPU
		{9184D825-E10B-4424-A894-4E1057090447}.Debug|Any CPU.Build.0 = Debug|Any CPU
		{9184D825-E10B-4424-A894-4E1057090447}.Release|Any CPU.ActiveCfg = Release|Any CPU
		{9184D825-E10B-4424-A894-4E1057090447}.Release|Any CPU.Build.0 = Release|Any CPU
	EndGlobalSection
	GlobalSection(SolutionProperties) = preSolution
		HideSolutionNode = FALSE
	EndGlobalSection
	GlobalSection(NestedProjects) = preSolution
		{586B2E5D-5B8A-42A2-AC1A-DBBFDE1A5CA9} = {93A04403-7217-45D0-A66D-6B1DEE8EA3E3}
		{92DD7653-BB50-4681-BF87-CC73139234FC} = {93A04403-7217-45D0-A66D-6B1DEE8EA3E3}
		{8A2F21FA-BF78-424B-85F2-99432B4194FB} = {93A04403-7217-45D0-A66D-6B1DEE8EA3E3}
		{B7EBCB63-4273-4995-86CA-A996C94ABC69} = {92DD7653-BB50-4681-BF87-CC73139234FC}
		{99F88F75-F61A-4992-8D0A-2235B63F2F29} = {B7EBCB63-4273-4995-86CA-A996C94ABC69}
		{8C4A2CD0-CFD2-4F9B-AC39-54A81B66D010} = {8A2F21FA-BF78-424B-85F2-99432B4194FB}
		{8DA556C8-E189-4E62-8E66-34BF8E19F899} = {8C4A2CD0-CFD2-4F9B-AC39-54A81B66D010}
		{DBFEBF54-F843-453C-B048-CC4747E305E3} = {586B2E5D-5B8A-42A2-AC1A-DBBFDE1A5CA9}
		{95C722B0-2514-4683-98CF-D434D5C34455} = {DBFEBF54-F843-453C-B048-CC4747E305E3}
		{686EABA3-E8BC-4119-97B0-73240FBEEE88} = {92DD7653-BB50-4681-BF87-CC73139234FC}
		{8C25E35F-6F36-473B-A68B-1F5A6E434DA2} = {686EABA3-E8BC-4119-97B0-73240FBEEE88}
		{361F6955-E2F5-43C1-B78A-40747396A1BB} = {92DD7653-BB50-4681-BF87-CC73139234FC}
		{A53C6FB7-9EED-4609-BDC7-77188E36C4EF} = {361F6955-E2F5-43C1-B78A-40747396A1BB}
		{5EE36782-659C-493F-8FAE-FE55976D4209} = {92DD7653-BB50-4681-BF87-CC73139234FC}
		{EEAB8A2F-46A6-4776-85AD-E024CE0CC720} = {5EE36782-659C-493F-8FAE-FE55976D4209}
		{F896DC8A-DF29-4BB2-905F-580B1CC7BF65} = {92DD7653-BB50-4681-BF87-CC73139234FC}
		{E3B6BCB0-0A28-456D-B6F9-0E45B011C8E2} = {F896DC8A-DF29-4BB2-905F-580B1CC7BF65}
		{EDEAB9F9-9C8B-4A39-BCEE-FFE4690F9A1C} = {92DD7653-BB50-4681-BF87-CC73139234FC}
		{9184D825-E10B-4424-A894-4E1057090447} = {EDEAB9F9-9C8B-4A39-BCEE-FFE4690F9A1C}
	EndGlobalSection
	GlobalSection(ExtensibilityGlobals) = postSolution
		SolutionGuid = {384811D5-9ADC-4255-868D-E75FCC2E7AF9}
	EndGlobalSection
EndGlobal
